
Microsoft Visual Studio Solution File, Format Version 12.00
# Visual Studio Version 17
VisualStudioVersion = 17.9.34607.119
MinimumVisualStudioVersion = 10.0.40219.1
Project("{FAE04EC0-301F-11D3-BF4B-00C04F79EFBC}") = "MapApp", "MapApp\MapApp.csproj", "{6163CF9D-41B2-4247-8014-F1D39F15F097}"
EndProject
Global
	GlobalSection(SolutionConfigurationPlatforms) = preSolution
		Debug|Any CPU = Debug|Any CPU
		Release|Any CPU = Release|Any CPU
	EndGlobalSection
	GlobalSection(ProjectConfigurationPlatforms) = postSolution
		{6163CF9D-41B2-4247-8014-F1D39F15F097}.Debug|Any CPU.ActiveCfg = Debug|Any CPU
		{6163CF9D-41B2-4247-8014-F1D39F15F097}.Debug|Any CPU.Build.0 = Debug|Any CPU
		{6163CF9D-41B2-4247-8014-F1D39F15F097}.Release|Any CPU.ActiveCfg = Release|Any CPU
		{6163CF9D-41B2-4247-8014-F1D39F15F097}.Release|Any CPU.Build.0 = Release|Any CPU
	EndGlobalSection
	GlobalSection(SolutionProperties) = preSolution
		HideSolutionNode = FALSE
	EndGlobalSection
	GlobalSection(ExtensibilityGlobals) = postSolution
		SolutionGuid = {BE9B0DC0-10DC-4DA4-92A2-6D251C9BB7AA}
	EndGlobalSection
EndGlobal
