
Microsoft Visual Studio Solution File, Format Version 12.00
# Visual Studio Version 17
VisualStudioVersion = 17.8.34511.84
MinimumVisualStudioVersion = 10.0.40219.1
Project("{FAE04EC0-301F-11D3-BF4B-00C04F79EFBC}") = "Session5Api", "Session5Api\Session5Api.csproj", "{4C7460FE-EF9A-49C6-ABA2-ED311BF78021}"
EndProject
Global
	GlobalSection(SolutionConfigurationPlatforms) = preSolution
		Debug|Any CPU = Debug|Any CPU
		Release|Any CPU = Release|Any CPU
	EndGlobalSection
	GlobalSection(ProjectConfigurationPlatforms) = postSolution
		{4C7460FE-EF9A-49C6-ABA2-ED311BF78021}.Debug|Any CPU.ActiveCfg = Debug|Any CPU
		{4C7460FE-EF9A-49C6-ABA2-ED311BF78021}.Debug|Any CPU.Build.0 = Debug|Any CPU
		{4C7460FE-EF9A-49C6-ABA2-ED311BF78021}.Release|Any CPU.ActiveCfg = Release|Any CPU
		{4C7460FE-EF9A-49C6-ABA2-ED311BF78021}.Release|Any CPU.Build.0 = Release|Any CPU
	EndGlobalSection
	GlobalSection(SolutionProperties) = preSolution
		HideSolutionNode = FALSE
	EndGlobalSection
	GlobalSection(ExtensibilityGlobals) = postSolution
		SolutionGuid = {C4377AA4-FD2C-4ABC-876C-DD13E926860A}
	EndGlobalSection
EndGlobal
