
Microsoft Visual Studio Solution File, Format Version 12.00
# Visual Studio Version 17
VisualStudioVersion = 17.8.34511.84
MinimumVisualStudioVersion = 10.0.40219.1
Project("{FAE04EC0-301F-11D3-BF4B-00C04F79EFBC}") = "MainApi", "MainApi\MainApi.csproj", "{C6802404-34E1-4ECF-A821-EEE779AE5CA0}"
EndProject
Global
	GlobalSection(SolutionConfigurationPlatforms) = preSolution
		Debug|Any CPU = Debug|Any CPU
		Release|Any CPU = Release|Any CPU
	EndGlobalSection
	GlobalSection(ProjectConfigurationPlatforms) = postSolution
		{C6802404-34E1-4ECF-A821-EEE779AE5CA0}.Debug|Any CPU.ActiveCfg = Debug|Any CPU
		{C6802404-34E1-4ECF-A821-EEE779AE5CA0}.Debug|Any CPU.Build.0 = Debug|Any CPU
		{C6802404-34E1-4ECF-A821-EEE779AE5CA0}.Release|Any CPU.ActiveCfg = Release|Any CPU
		{C6802404-34E1-4ECF-A821-EEE779AE5CA0}.Release|Any CPU.Build.0 = Release|Any CPU
	EndGlobalSection
	GlobalSection(SolutionProperties) = preSolution
		HideSolutionNode = FALSE
	EndGlobalSection
	GlobalSection(ExtensibilityGlobals) = postSolution
		SolutionGuid = {D156F4AC-6089-49D1-8F69-4C45A6228920}
	EndGlobalSection
EndGlobal
